
Microsoft Visual Studio Solution File, Format Version 12.00
Project("{2150E333-8FDC-42A3-9474-1A3956D46DE8}") = "src", "src", "{81F0766F-79E6-47FE-B065-6766DC510C0B}"
EndProject
Project("{2150E333-8FDC-42A3-9474-1A3956D46DE8}") = "test", "test", "{3950BCE8-B2F2-453E-8041-D1A6E948D8C4}"
EndProject
Project("{FAE04EC0-301F-11D3-BF4B-00C04F79EFBC}") = "GloboTicket.TicketManagement.Domain", "src\GloboTicket.TicketManagement.Domain\GloboTicket.TicketManagement.Domain.csproj", "{46822F21-53A9-42F8-A282-E8F694F8D28C}"
EndProject
Project("{FAE04EC0-301F-11D3-BF4B-00C04F79EFBC}") = "GloboTicket.TicketManagement.Application", "src\GloboTicket.TicketManagement.Application\GloboTicket.TicketManagement.Application.csproj", "{B49A48DC-6708-4B52-889E-98BA7FDDC924}"
EndProject
Global
	GlobalSection(SolutionConfigurationPlatforms) = preSolution
		Debug|Any CPU = Debug|Any CPU
		Release|Any CPU = Release|Any CPU
	EndGlobalSection
	GlobalSection(NestedProjects) = preSolution
		{46822F21-53A9-42F8-A282-E8F694F8D28C} = {81F0766F-79E6-47FE-B065-6766DC510C0B}
		{B49A48DC-6708-4B52-889E-98BA7FDDC924} = {81F0766F-79E6-47FE-B065-6766DC510C0B}
	EndGlobalSection
	GlobalSection(ProjectConfigurationPlatforms) = postSolution
		{46822F21-53A9-42F8-A282-E8F694F8D28C}.Debug|Any CPU.ActiveCfg = Debug|Any CPU
		{46822F21-53A9-42F8-A282-E8F694F8D28C}.Debug|Any CPU.Build.0 = Debug|Any CPU
		{46822F21-53A9-42F8-A282-E8F694F8D28C}.Release|Any CPU.ActiveCfg = Release|Any CPU
		{46822F21-53A9-42F8-A282-E8F694F8D28C}.Release|Any CPU.Build.0 = Release|Any CPU
		{B49A48DC-6708-4B52-889E-98BA7FDDC924}.Debug|Any CPU.ActiveCfg = Debug|Any CPU
		{B49A48DC-6708-4B52-889E-98BA7FDDC924}.Debug|Any CPU.Build.0 = Debug|Any CPU
		{B49A48DC-6708-4B52-889E-98BA7FDDC924}.Release|Any CPU.ActiveCfg = Release|Any CPU
		{B49A48DC-6708-4B52-889E-98BA7FDDC924}.Release|Any CPU.Build.0 = Release|Any CPU
	EndGlobalSection
EndGlobal
